
Microsoft Visual Studio Solution File, Format Version 12.00
# Visual Studio Version 17
VisualStudioVersion = 17.13.35931.197 d17.13
MinimumVisualStudioVersion = 10.0.40219.1
Project("{FAE04EC0-301F-11D3-BF4B-00C04F79EFBC}") = "DeadlockLab", "DeadlockLab\DeadlockLab.csproj", "{C3580E35-899B-4AC8-9133-489E5079A2CB}"
EndProject
Project("{FAE04EC0-301F-11D3-BF4B-00C04F79EFBC}") = "DeadlockLab.Tests", "DeadlockLab.Tests\DeadlockLab.Tests.csproj", "{3D2FD34F-4F6F-44C7-A6D4-77F79F285CF6}"
EndProject
Global
	GlobalSection(SolutionConfigurationPlatforms) = preSolution
		Debug|Any CPU = Debug|Any CPU
		Release|Any CPU = Release|Any CPU
	EndGlobalSection
	GlobalSection(ProjectConfigurationPlatforms) = postSolution
		{C3580E35-899B-4AC8-9133-489E5079A2CB}.Debug|Any CPU.ActiveCfg = Debug|Any CPU
		{C3580E35-899B-4AC8-9133-489E5079A2CB}.Debug|Any CPU.Build.0 = Debug|Any CPU
		{C3580E35-899B-4AC8-9133-489E5079A2CB}.Release|Any CPU.ActiveCfg = Release|Any CPU
		{C3580E35-899B-4AC8-9133-489E5079A2CB}.Release|Any CPU.Build.0 = Release|Any CPU
		{3D2FD34F-4F6F-44C7-A6D4-77F79F285CF6}.Debug|Any CPU.ActiveCfg = Debug|Any CPU
		{3D2FD34F-4F6F-44C7-A6D4-77F79F285CF6}.Debug|Any CPU.Build.0 = Debug|Any CPU
		{3D2FD34F-4F6F-44C7-A6D4-77F79F285CF6}.Release|Any CPU.ActiveCfg = Release|Any CPU
		{3D2FD34F-4F6F-44C7-A6D4-77F79F285CF6}.Release|Any CPU.Build.0 = Release|Any CPU
	EndGlobalSection
	GlobalSection(SolutionProperties) = preSolution
		HideSolutionNode = FALSE
	EndGlobalSection
	GlobalSection(ExtensibilityGlobals) = postSolution
		SolutionGuid = {9919509D-AA3A-4549-98B5-6809CB019DEE}
	EndGlobalSection
EndGlobal
